// !$*UTF8*$!
{
	archiveVersion = 1;
	classes = {
	};
	objectVersion = 46;
	objects = {

/* Begin PBXBuildFile section */
		D5B01E2A1A1091B000B3B5B8 /* AppDelegate.swift in Sources */ = {isa = PBXBuildFile; fileRef = D5B01E291A1091B000B3B5B8 /* AppDelegate.swift */; };
		D5B01E2C1A1091B000B3B5B8 /* ViewController.swift in Sources */ = {isa = PBXBuildFile; fileRef = D5B01E2B1A1091B000B3B5B8 /* ViewController.swift */; };
		D5B01E2F1A1091B000B3B5B8 /* Main.storyboard in Resources */ = {isa = PBXBuildFile; fileRef = D5B01E2D1A1091B000B3B5B8 /* Main.storyboard */; };
		D5B01E311A1091B000B3B5B8 /* Images.xcassets in Resources */ = {isa = PBXBuildFile; fileRef = D5B01E301A1091B000B3B5B8 /* Images.xcassets */; };
		D5B01E341A1091B000B3B5B8 /* LaunchScreen.xib in Resources */ = {isa = PBXBuildFile; fileRef = D5B01E321A1091B000B3B5B8 /* LaunchScreen.xib */; };
		D5B01E401A1091B000B3B5B8 /* SwiftAutoLayoutTests.swift in Sources */ = {isa = PBXBuildFile; fileRef = D5B01E3F1A1091B000B3B5B8 /* SwiftAutoLayoutTests.swift */; };
/* End PBXBuildFile section */

/* Begin PBXContainerItemProxy section */
		D5B01E3A1A1091B000B3B5B8 /* PBXContainerItemProxy */ = {
			isa = PBXContainerItemProxy;
			containerPortal = D5B01E1C1A1091B000B3B5B8 /* Project object */;
			proxyType = 1;
			remoteGlobalIDString = D5B01E231A1091B000B3B5B8;
			remoteInfo = SwiftAutoLayout;
		};
/* End PBXContainerItemProxy section */

/* Begin PBXFileReference section */
		D5B01E241A1091B000B3B5B8 /* SwiftAutoLayout.app */ = {isa = PBXFileReference; explicitFileType = wrapper.application; includeInIndex = 0; path = SwiftAutoLayout.app; sourceTree = BUILT_PRODUCTS_DIR; };
		D5B01E281A1091B000B3B5B8 /* Info.plist */ = {isa = PBXFileReference; lastKnownFileType = text.plist.xml; path = Info.plist; sourceTree = "<group>"; };
		D5B01E291A1091B000B3B5B8 /* AppDelegate.swift */ = {isa = PBXFileReference; lastKnownFileType = sourcecode.swift; path = AppDelegate.swift; sourceTree = "<group>"; };
		D5B01E2B1A1091B000B3B5B8 /* ViewController.swift */ = {isa = PBXFileReference; lastKnownFileType = sourcecode.swift; path = ViewController.swift; sourceTree = "<group>"; };
		D5B01E2E1A1091B000B3B5B8 /* Base */ = {isa = PBXFileReference; lastKnownFileType = file.storyboard; name = Base; path = Base.lproj/Main.storyboard; sourceTree = "<group>"; };
		D5B01E301A1091B000B3B5B8 /* Images.xcassets */ = {isa = PBXFileReference; lastKnownFileType = folder.assetcatalog; path = Images.xcassets; sourceTree = "<group>"; };
		D5B01E331A1091B000B3B5B8 /* Base */ = {isa = PBXFileReference; lastKnownFileType = file.xib; name = Base; path = Base.lproj/LaunchScreen.xib; sourceTree = "<group>"; };
		D5B01E391A1091B000B3B5B8 /* SwiftAutoLayoutTests.xctest */ = {isa = PBXFileReference; explicitFileType = wrapper.cfbundle; includeInIndex = 0; path = SwiftAutoLayoutTests.xctest; sourceTree = BUILT_PRODUCTS_DIR; };
		D5B01E3E1A1091B000B3B5B8 /* Info.plist */ = {isa = PBXFileReference; lastKnownFileType = text.plist.xml; path = Info.plist; sourceTree = "<group>"; };
		D5B01E3F1A1091B000B3B5B8 /* SwiftAutoLayoutTests.swift */ = {isa = PBXFileReference; lastKnownFileType = sourcecode.swift; path = SwiftAutoLayoutTests.swift; sourceTree = "<group>"; };
/* End PBXFileReference section */

/* Begin PBXFrameworksBuildPhase section */
		D5B01E211A1091B000B3B5B8 /* Frameworks */ = {
			isa = PBXFrameworksBuildPhase;
			buildActionMask = 2147483647;
			files = (
			);
			runOnlyForDeploymentPostprocessing = 0;
		};
		D5B01E361A1091B000B3B5B8 /* Frameworks */ = {
			isa = PBXFrameworksBuildPhase;
			buildActionMask = 2147483647;
			files = (
			);
			runOnlyForDeploymentPostprocessing = 0;
		};
/* End PBXFrameworksBuildPhase section */

/* Begin PBXGroup section */
		D5B01E1B1A1091B000B3B5B8 = {
			isa = PBXGroup;
			children = (
				D5B01E261A1091B000B3B5B8 /* SwiftAutoLayout */,
				D5B01E3C1A1091B000B3B5B8 /* SwiftAutoLayoutTests */,
				D5B01E251A1091B000B3B5B8 /* Products */,
			);
			sourceTree = "<group>";
		};
		D5B01E251A1091B000B3B5B8 /* Products */ = {
			isa = PBXGroup;
			children = (
				D5B01E241A1091B000B3B5B8 /* SwiftAutoLayout.app */,
				D5B01E391A1091B000B3B5B8 /* SwiftAutoLayoutTests.xctest */,
			);
			name = Products;
			sourceTree = "<group>";
		};
		D5B01E261A1091B000B3B5B8 /* SwiftAutoLayout */ = {
			isa = PBXGroup;
			children = (
				D5B01E291A1091B000B3B5B8 /* AppDelegate.swift */,
				D5B01E2B1A1091B000B3B5B8 /* ViewController.swift */,
				D5B01E2D1A1091B000B3B5B8 /* Main.storyboard */,
				D5B01E301A1091B000B3B5B8 /* Images.xcassets */,
				D5B01E321A1091B000B3B5B8 /* LaunchScreen.xib */,
				D5B01E271A1091B000B3B5B8 /* Supporting Files */,
			);
			path = SwiftAutoLayout;
			sourceTree = "<group>";
		};
		D5B01E271A1091B000B3B5B8 /* Supporting Files */ = {
			isa = PBXGroup;
			children = (
				D5B01E281A1091B000B3B5B8 /* Info.plist */,
			);
			name = "Supporting Files";
			sourceTree = "<group>";
		};
		D5B01E3C1A1091B000B3B5B8 /* SwiftAutoLayoutTests */ = {
			isa = PBXGroup;
			children = (
				D5B01E3F1A1091B000B3B5B8 /* SwiftAutoLayoutTests.swift */,
				D5B01E3D1A1091B000B3B5B8 /* Supporting Files */,
			);
			path = SwiftAutoLayoutTests;
			sourceTree = "<group>";
		};
		D5B01E3D1A1091B000B3B5B8 /* Supporting Files */ = {
			isa = PBXGroup;
			children = (
				D5B01E3E1A1091B000B3B5B8 /* Info.plist */,
			);
			name = "Supporting Files";
			sourceTree = "<group>";
		};
/* End PBXGroup section */

/* Begin PBXNativeTarget section */
		D5B01E231A1091B000B3B5B8 /* SwiftAutoLayout */ = {
			isa = PBXNativeTarget;
			buildConfigurationList = D5B01E431A1091B000B3B5B8 /* Build configuration list for PBXNativeTarget "SwiftAutoLayout" */;
			buildPhases = (
				D5B01E201A1091B000B3B5B8 /* Sources */,
				D5B01E211A1091B000B3B5B8 /* Frameworks */,
				D5B01E221A1091B000B3B5B8 /* Resources */,
			);
			buildRules = (
			);
			dependencies = (
			);
			name = SwiftAutoLayout;
			productName = SwiftAutoLayout;
			productReference = D5B01E241A1091B000B3B5B8 /* SwiftAutoLayout.app */;
			productType = "com.apple.product-type.application";
		};
		D5B01E381A1091B000B3B5B8 /* SwiftAutoLayoutTests */ = {
			isa = PBXNativeTarget;
			buildConfigurationList = D5B01E461A1091B000B3B5B8 /* Build configuration list for PBXNativeTarget "SwiftAutoLayoutTests" */;
			buildPhases = (
				D5B01E351A1091B000B3B5B8 /* Sources */,
				D5B01E361A1091B000B3B5B8 /* Frameworks */,
				D5B01E371A1091B000B3B5B8 /* Resources */,
			);
			buildRules = (
			);
			dependencies = (
				D5B01E3B1A1091B000B3B5B8 /* PBXTargetDependency */,
			);
			name = SwiftAutoLayoutTests;
			productName = SwiftAutoLayoutTests;
			productReference = D5B01E391A1091B000B3B5B8 /* SwiftAutoLayoutTests.xctest */;
			productType = "com.apple.product-type.bundle.unit-test";
		};
/* End PBXNativeTarget section */

/* Begin PBXProject section */
		D5B01E1C1A1091B000B3B5B8 /* Project object */ = {
			isa = PBXProject;
			attributes = {
				LastUpgradeCheck = 0610;
				ORGANIZATIONNAME = Cloudyun;
				TargetAttributes = {
					D5B01E231A1091B000B3B5B8 = {
						CreatedOnToolsVersion = 6.1;
					};
					D5B01E381A1091B000B3B5B8 = {
						CreatedOnToolsVersion = 6.1;
						TestTargetID = D5B01E231A1091B000B3B5B8;
					};
				};
			};
			buildConfigurationList = D5B01E1F1A1091B000B3B5B8 /* Build configuration list for PBXProject "SwiftAutoLayout" */;
			compatibilityVersion = "Xcode 3.2";
			developmentRegion = English;
			hasScannedForEncodings = 0;
			knownRegions = (
				en,
				Base,
			);
			mainGroup = D5B01E1B1A1091B000B3B5B8;
			productRefGroup = D5B01E251A1091B000B3B5B8 /* Products */;
			projectDirPath = "";
			projectRoot = "";
			targets = (
				D5B01E231A1091B000B3B5B8 /* SwiftAutoLayout */,
				D5B01E381A1091B000B3B5B8 /* SwiftAutoLayoutTests */,
			);
		};
/* End PBXProject section */

/* Begin PBXResourcesBuildPhase section */
		D5B01E221A1091B000B3B5B8 /* Resources */ = {
			isa = PBXResourcesBuildPhase;
			buildActionMask = 2147483647;
			files = (
				D5B01E2F1A1091B000B3B5B8 /* Main.storyboard in Resources */,
				D5B01E341A1091B000B3B5B8 /* LaunchScreen.xib in Resources */,
				D5B01E311A1091B000B3B5B8 /* Images.xcassets in Resources */,
			);
			runOnlyForDeploymentPostprocessing = 0;
		};
		D5B01E371A1091B000B3B5B8 /* Resources */ = {
			isa = PBXResourcesBuildPhase;
			buildActionMask = 2147483647;
			files = (
			);
			runOnlyForDeploymentPostprocessing = 0;
		};
/* End PBXResourcesBuildPhase section */

/* Begin PBXSourcesBuildPhase section */
		D5B01E201A1091B000B3B5B8 /* Sources */ = {
			isa = PBXSourcesBuildPhase;
			buildActionMask = 2147483647;
			files = (
				D5B01E2C1A1091B000B3B5B8 /* ViewController.swift in Sources */,
				D5B01E2A1A1091B000B3B5B8 /* AppDelegate.swift in Sources */,
			);
			runOnlyForDeploymentPostprocessing = 0;
		};
		D5B01E351A1091B000B3B5B8 /* Sources */ = {
			isa = PBXSourcesBuildPhase;
			buildActionMask = 2147483647;
			files = (
				D5B01E401A1091B000B3B5B8 /* SwiftAutoLayoutTests.swift in Sources */,
			);
			runOnlyForDeploymentPostprocessing = 0;
		};
/* End PBXSourcesBuildPhase section */

/* Begin PBXTargetDependency section */
		D5B01E3B1A1091B000B3B5B8 /* PBXTargetDependency */ = {
			isa = PBXTargetDependency;
			target = D5B01E231A1091B000B3B5B8 /* SwiftAutoLayout */;
			targetProxy = D5B01E3A1A1091B000B3B5B8 /* PBXContainerItemProxy */;
		};
/* End PBXTargetDependency section */

/* Begin PBXVariantGroup section */
		D5B01E2D1A1091B000B3B5B8 /* Main.storyboard */ = {
			isa = PBXVariantGroup;
			children = (
				D5B01E2E1A1091B000B3B5B8 /* Base */,
			);
			name = Main.storyboard;
			sourceTree = "<group>";
		};
		D5B01E321A1091B000B3B5B8 /* LaunchScreen.xib */ = {
			isa = PBXVariantGroup;
			children = (
				D5B01E331A1091B000B3B5B8 /* Base */,
			);
			name = LaunchScreen.xib;
			sourceTree = "<group>";
		};
/* End PBXVariantGroup section */

/* Begin XCBuildConfiguration section */
		D5B01E411A1091B000B3B5B8 /* Debug */ = {
			isa = XCBuildConfiguration;
			buildSettings = {
				ALWAYS_SEARCH_USER_PATHS = NO;
				CLANG_CXX_LANGUAGE_STANDARD = "gnu++0x";
				CLANG_CXX_LIBRARY = "libc++";
				CLANG_ENABLE_MODULES = YES;
				CLANG_ENABLE_OBJC_ARC = YES;
				CLANG_WARN_BOOL_CONVERSION = YES;
				CLANG_WARN_CONSTANT_CONVERSION = YES;
				CLANG_WARN_DIRECT_OBJC_ISA_USAGE = YES_ERROR;
				CLANG_WARN_EMPTY_BODY = YES;
				CLANG_WARN_ENUM_CONVERSION = YES;
				CLANG_WARN_INT_CONVERSION = YES;
				CLANG_WARN_OBJC_ROOT_CLASS = YES_ERROR;
				CLANG_WARN_UNREACHABLE_CODE = YES;
				CLANG_WARN__DUPLICATE_METHOD_MATCH = YES;
				"CODE_SIGN_IDENTITY[sdk=iphoneos*]" = "iPhone Developer";
				COPY_PHASE_STRIP = NO;
				ENABLE_STRICT_OBJC_MSGSEND = YES;
				GCC_C_LANGUAGE_STANDARD = gnu99;
				GCC_DYNAMIC_NO_PIC = NO;
				GCC_OPTIMIZATION_LEVEL = 0;
				GCC_PREPROCESSOR_DEFINITIONS = (
					"DEBUG=1",
					"$(inherited)",
				);
				GCC_SYMBOLS_PRIVATE_EXTERN = NO;
				GCC_WARN_64_TO_32_BIT_CONVERSION = YES;
				GCC_WARN_ABOUT_RETURN_TYPE = YES_ERROR;
				GCC_WARN_UNDECLARED_SELECTOR = YES;
				GCC_WARN_UNINITIALIZED_AUTOS = YES_AGGRESSIVE;
				GCC_WARN_UNUSED_FUNCTION = YES;
				GCC_WARN_UNUSED_VARIABLE = YES;
				IPHONEOS_DEPLOYMENT_TARGET = 8.1;
				MTL_ENABLE_DEBUG_INFO = YES;
				ONLY_ACTIVE_ARCH = YES;
				SDKROOT = iphoneos;
				SWIFT_OPTIMIZATION_LEVEL = "-Onone";
			};
			name = Debug;
		};
		D5B01E421A1091B000B3B5B8 /* Release */ = {
			isa = XCBuildConfiguration;
			buildSettings = {
				ALWAYS_SEARCH_USER_PATHS = NO;
				CLANG_CXX_LANGUAGE_STANDARD = "gnu++0x";
				CLANG_CXX_LIBRARY = "libc++";
				CLANG_ENABLE_MODULES = YES;
				CLANG_ENABLE_OBJC_ARC = YES;
				CLANG_WARN_BOOL_CONVERSION = YES;
				CLANG_WARN_CONSTANT_CONVERSION = YES;
				CLANG_WARN_DIRECT_OBJC_ISA_USAGE = YES_ERROR;
				CLANG_WARN_EMPTY_BODY = YES;
				CLANG_WARN_ENUM_CONVERSION = YES;
				CLANG_WARN_INT_CONVERSION = YES;
				CLANG_WARN_OBJC_ROOT_CLASS = YES_ERROR;
				CLANG_WARN_UNREACHABLE_CODE = YES;
				CLANG_WARN__DUPLICATE_METHOD_MATCH = YES;
				"CODE_SIGN_IDENTITY[sdk=iphoneos*]" = "iPhone Developer";
				COPY_PHASE_STRIP = YES;
				ENABLE_NS_ASSERTIONS = NO;
				ENABLE_STRICT_OBJC_MSGSEND = YES;
				GCC_C_LANGUAGE_STANDARD = gnu99;
				GCC_WARN_64_TO_32_BIT_CONVERSION = YES;
				GCC_WARN_ABOUT_RETURN_TYPE = YES_ERROR;
				GCC_WARN_UNDECLARED_SELECTOR = YES;
				GCC_WARN_UNINITIALIZED_AUTOS = YES_AGGRESSIVE;
				GCC_WARN_UNUSED_FUNCTION = YES;
				GCC_WARN_UNUSED_VARIABLE = YES;
				IPHONEOS_DEPLOYMENT_TARGET = 8.1;
				MTL_ENABLE_DEBUG_INFO = NO;
				SDKROOT = iphoneos;
				VALIDATE_PRODUCT = YES;
			};
			name = Release;
		};
		D5B01E441A1091B000B3B5B8 /* Debug */ = {
			isa = XCBuildConfiguration;
			buildSettings = {
				ASSETCATALOG_COMPILER_APPICON_NAME = AppIcon;
				INFOPLIST_FILE = SwiftAutoLayout/Info.plist;
				LD_RUNPATH_SEARCH_PATHS = "$(inherited) @executable_path/Frameworks";
				PRODUCT_NAME = "$(TARGET_NAME)";
			};
			name = Debug;
		};
		D5B01E451A1091B000B3B5B8 /* Release */ = {
			isa = XCBuildConfiguration;
			buildSettings = {
				ASSETCATALOG_COMPILER_APPICON_NAME = AppIcon;
				INFOPLIST_FILE = SwiftAutoLayout/Info.plist;
				LD_RUNPATH_SEARCH_PATHS = "$(inherited) @executable_path/Frameworks";
				PRODUCT_NAME = "$(TARGET_NAME)";
			};
			name = Release;
		};
		D5B01E471A1091B000B3B5B8 /* Debug */ = {
			isa = XCBuildConfiguration;
			buildSettings = {
				BUNDLE_LOADER = "$(TEST_HOST)";
				FRAMEWORK_SEARCH_PATHS = (
					"$(SDKROOT)/Developer/Library/Frameworks",
					"$(inherited)",
				);
				GCC_PREPROCESSOR_DEFINITIONS = (
					"DEBUG=1",
					"$(inherited)",
				);
				INFOPLIST_FILE = SwiftAutoLayoutTests/Info.plist;
				LD_RUNPATH_SEARCH_PATHS = "$(inherited) @executable_path/Frameworks @loader_path/Frameworks";
				PRODUCT_NAME = "$(TARGET_NAME)";
				TEST_HOST = "$(BUILT_PRODUCTS_DIR)/SwiftAutoLayout.app/SwiftAutoLayout";
			};
			name = Debug;
		};
		D5B01E481A1091B000B3B5B8 /* Release */ = {
			isa = XCBuildConfiguration;
			buildSettings = {
				BUNDLE_LOADER = "$(TEST_HOST)";
				FRAMEWORK_SEARCH_PATHS = (
					"$(SDKROOT)/Developer/Library/Frameworks",
					"$(inherited)",
				);
				INFOPLIST_FILE = SwiftAutoLayoutTests/Info.plist;
				LD_RUNPATH_SEARCH_PATHS = "$(inherited) @executable_path/Frameworks @loader_path/Frameworks";
				PRODUCT_NAME = "$(TARGET_NAME)";
				TEST_HOST = "$(BUILT_PRODUCTS_DIR)/SwiftAutoLayout.app/SwiftAutoLayout";
			};
			name = Release;
		};
/* End XCBuildConfiguration section */

/* Begin XCConfigurationList section */
		D5B01E1F1A1091B000B3B5B8 /* Build configuration list for PBXProject "SwiftAutoLayout" */ = {
			isa = XCConfigurationList;
			buildConfigurations = (
				D5B01E411A1091B000B3B5B8 /* Debug */,
				D5B01E421A1091B000B3B5B8 /* Release */,
			);
			defaultConfigurationIsVisible = 0;
			defaultConfigurationName = Release;
		};
		D5B01E431A1091B000B3B5B8 /* Build configuration list for PBXNativeTarget "SwiftAutoLayout" */ = {
			isa = XCConfigurationList;
			buildConfigurations = (
				D5B01E441A1091B000B3B5B8 /* Debug */,
				D5B01E451A1091B000B3B5B8 /* Release */,
			);
			defaultConfigurationIsVisible = 0;
		};
		D5B01E461A1091B000B3B5B8 /* Build configuration list for PBXNativeTarget "SwiftAutoLayoutTests" */ = {
			isa = XCConfigurationList;
			buildConfigurations = (
				D5B01E471A1091B000B3B5B8 /* Debug */,
				D5B01E481A1091B000B3B5B8 /* Release */,
			);
			defaultConfigurationIsVisible = 0;
		};
/* End XCConfigurationList section */
	};
	rootObject = D5B01E1C1A1091B000B3B5B8 /* Project object */;
}
